
Microsoft Visual Studio Solution File, Format Version 12.00
# Visual Studio 14
VisualStudioVersion = 14.0.25420.1
MinimumVisualStudioVersion = 10.0.40219.1
Project("{FAE04EC0-301F-11D3-BF4B-00C04F79EFBC}") = "Page275", "Page275\Page275.csproj", "{F221B90C-E40B-498C-886A-2BCFD082C68B}"
EndProject
Project("{FAE04EC0-301F-11D3-BF4B-00C04F79EFBC}") = "Page276", "Page276\Page276.csproj", "{F8A37914-171B-419E-9D18-FDCD7CE7D3FD}"
EndProject
Project("{FAE04EC0-301F-11D3-BF4B-00C04F79EFBC}") = "Page289", "Page289\Page289.csproj", "{CBC7963A-CDB0-43CB-B363-A4650E4246FA}"
EndProject
Project("{2150E333-8FDC-42A3-9474-1A3956D46DE8}") = "Solution Items", "Solution Items", "{CE0653DF-3CE1-4AB5-80E6-1F67C7762E41}"
	ProjectSection(SolutionItems) = preProject
		.editorconfig = .editorconfig
	EndProjectSection
EndProject
Project("{FAE04EC0-301F-11D3-BF4B-00C04F79EFBC}") = "Page297", "Page297\Page297.csproj", "{8AE6C656-9AD3-4B59-93ED-BAC33C226261}"
EndProject
Project("{FAE04EC0-301F-11D3-BF4B-00C04F79EFBC}") = "Page308.BuildHouse", "Page308.BuildHouse\Page308.BuildHouse.csproj", "{66F4D10E-6094-4FD9-8576-5495D2D31F53}"
EndProject
Project("{FAE04EC0-301F-11D3-BF4B-00C04F79EFBC}") = "Page316.HideInHouse", "Page316.HideInHouse\Page316.HideInHouse.csproj", "{8F1CEFB2-FC21-4348-9B6C-0FBC461B6643}"
EndProject
Project("{FAE04EC0-301F-11D3-BF4B-00C04F79EFBC}") = "Page331", "Page331\Page331.csproj", "{99628E2D-41C9-4F78-A48B-E50530009489}"
EndProject
Project("{FAE04EC0-301F-11D3-BF4B-00C04F79EFBC}") = "Page339", "Page339\Page339.csproj", "{2024804B-A6B9-41FF-AAA3-BA10E59B621D}"
EndProject
Project("{FAE04EC0-301F-11D3-BF4B-00C04F79EFBC}") = "Page345", "Page345\Page345.csproj", "{9935548C-557F-48EC-840C-823524A8C7F4}"
EndProject
Project("{FAE04EC0-301F-11D3-BF4B-00C04F79EFBC}") = "Page351", "Page351\Page351.csproj", "{AEFC09A9-B77B-4E7F-BE7E-2C9A63622897}"
EndProject
Project("{FAE04EC0-301F-11D3-BF4B-00C04F79EFBC}") = "Page356", "Page356\Page356.csproj", "{942391F7-8228-4916-8C85-F6C238654B06}"
EndProject
Project("{FAE04EC0-301F-11D3-BF4B-00C04F79EFBC}") = "Page357", "Page357\Page357.csproj", "{306657BA-1986-43B8-87D0-7EFA4F0681EE}"
EndProject
Project("{FAE04EC0-301F-11D3-BF4B-00C04F79EFBC}") = "Page365", "Page365\Page365.csproj", "{76BDA407-0BBB-470E-9F52-A380B00E1A55}"
EndProject
Project("{FAE04EC0-301F-11D3-BF4B-00C04F79EFBC}") = "Page366.GoFish", "Page366.GoFish\Page366.GoFish.csproj", "{F54DD5A1-896D-4EBC-8F7C-27A3421212A0}"
EndProject
Global
	GlobalSection(SolutionConfigurationPlatforms) = preSolution
		Debug|Any CPU = Debug|Any CPU
		Release|Any CPU = Release|Any CPU
	EndGlobalSection
	GlobalSection(ProjectConfigurationPlatforms) = postSolution
		{F221B90C-E40B-498C-886A-2BCFD082C68B}.Debug|Any CPU.ActiveCfg = Debug|Any CPU
		{F221B90C-E40B-498C-886A-2BCFD082C68B}.Debug|Any CPU.Build.0 = Debug|Any CPU
		{F221B90C-E40B-498C-886A-2BCFD082C68B}.Release|Any CPU.ActiveCfg = Release|Any CPU
		{F221B90C-E40B-498C-886A-2BCFD082C68B}.Release|Any CPU.Build.0 = Release|Any CPU
		{F8A37914-171B-419E-9D18-FDCD7CE7D3FD}.Debug|Any CPU.ActiveCfg = Debug|Any CPU
		{F8A37914-171B-419E-9D18-FDCD7CE7D3FD}.Debug|Any CPU.Build.0 = Debug|Any CPU
		{F8A37914-171B-419E-9D18-FDCD7CE7D3FD}.Release|Any CPU.ActiveCfg = Release|Any CPU
		{F8A37914-171B-419E-9D18-FDCD7CE7D3FD}.Release|Any CPU.Build.0 = Release|Any CPU
		{CBC7963A-CDB0-43CB-B363-A4650E4246FA}.Debug|Any CPU.ActiveCfg = Debug|Any CPU
		{CBC7963A-CDB0-43CB-B363-A4650E4246FA}.Debug|Any CPU.Build.0 = Debug|Any CPU
		{CBC7963A-CDB0-43CB-B363-A4650E4246FA}.Release|Any CPU.ActiveCfg = Release|Any CPU
		{CBC7963A-CDB0-43CB-B363-A4650E4246FA}.Release|Any CPU.Build.0 = Release|Any CPU
		{8AE6C656-9AD3-4B59-93ED-BAC33C226261}.Debug|Any CPU.ActiveCfg = Debug|Any CPU
		{8AE6C656-9AD3-4B59-93ED-BAC33C226261}.Debug|Any CPU.Build.0 = Debug|Any CPU
		{8AE6C656-9AD3-4B59-93ED-BAC33C226261}.Release|Any CPU.ActiveCfg = Release|Any CPU
		{8AE6C656-9AD3-4B59-93ED-BAC33C226261}.Release|Any CPU.Build.0 = Release|Any CPU
		{66F4D10E-6094-4FD9-8576-5495D2D31F53}.Debug|Any CPU.ActiveCfg = Debug|Any CPU
		{66F4D10E-6094-4FD9-8576-5495D2D31F53}.Debug|Any CPU.Build.0 = Debug|Any CPU
		{66F4D10E-6094-4FD9-8576-5495D2D31F53}.Release|Any CPU.ActiveCfg = Release|Any CPU
		{66F4D10E-6094-4FD9-8576-5495D2D31F53}.Release|Any CPU.Build.0 = Release|Any CPU
		{8F1CEFB2-FC21-4348-9B6C-0FBC461B6643}.Debug|Any CPU.ActiveCfg = Debug|Any CPU
		{8F1CEFB2-FC21-4348-9B6C-0FBC461B6643}.Debug|Any CPU.Build.0 = Debug|Any CPU
		{8F1CEFB2-FC21-4348-9B6C-0FBC461B6643}.Release|Any CPU.ActiveCfg = Release|Any CPU
		{8F1CEFB2-FC21-4348-9B6C-0FBC461B6643}.Release|Any CPU.Build.0 = Release|Any CPU
		{99628E2D-41C9-4F78-A48B-E50530009489}.Debug|Any CPU.ActiveCfg = Debug|Any CPU
		{99628E2D-41C9-4F78-A48B-E50530009489}.Debug|Any CPU.Build.0 = Debug|Any CPU
		{99628E2D-41C9-4F78-A48B-E50530009489}.Release|Any CPU.ActiveCfg = Release|Any CPU
		{99628E2D-41C9-4F78-A48B-E50530009489}.Release|Any CPU.Build.0 = Release|Any CPU
		{2024804B-A6B9-41FF-AAA3-BA10E59B621D}.Debug|Any CPU.ActiveCfg = Debug|Any CPU
		{2024804B-A6B9-41FF-AAA3-BA10E59B621D}.Debug|Any CPU.Build.0 = Debug|Any CPU
		{2024804B-A6B9-41FF-AAA3-BA10E59B621D}.Release|Any CPU.ActiveCfg = Release|Any CPU
		{2024804B-A6B9-41FF-AAA3-BA10E59B621D}.Release|Any CPU.Build.0 = Release|Any CPU
		{9935548C-557F-48EC-840C-823524A8C7F4}.Debug|Any CPU.ActiveCfg = Debug|Any CPU
		{9935548C-557F-48EC-840C-823524A8C7F4}.Debug|Any CPU.Build.0 = Debug|Any CPU
		{9935548C-557F-48EC-840C-823524A8C7F4}.Release|Any CPU.ActiveCfg = Release|Any CPU
		{9935548C-557F-48EC-840C-823524A8C7F4}.Release|Any CPU.Build.0 = Release|Any CPU
		{AEFC09A9-B77B-4E7F-BE7E-2C9A63622897}.Debug|Any CPU.ActiveCfg = Debug|Any CPU
		{AEFC09A9-B77B-4E7F-BE7E-2C9A63622897}.Debug|Any CPU.Build.0 = Debug|Any CPU
		{AEFC09A9-B77B-4E7F-BE7E-2C9A63622897}.Release|Any CPU.ActiveCfg = Release|Any CPU
		{AEFC09A9-B77B-4E7F-BE7E-2C9A63622897}.Release|Any CPU.Build.0 = Release|Any CPU
		{942391F7-8228-4916-8C85-F6C238654B06}.Debug|Any CPU.ActiveCfg = Debug|Any CPU
		{942391F7-8228-4916-8C85-F6C238654B06}.Debug|Any CPU.Build.0 = Debug|Any CPU
		{942391F7-8228-4916-8C85-F6C238654B06}.Release|Any CPU.ActiveCfg = Release|Any CPU
		{942391F7-8228-4916-8C85-F6C238654B06}.Release|Any CPU.Build.0 = Release|Any CPU
		{306657BA-1986-43B8-87D0-7EFA4F0681EE}.Debug|Any CPU.ActiveCfg = Debug|Any CPU
		{306657BA-1986-43B8-87D0-7EFA4F0681EE}.Debug|Any CPU.Build.0 = Debug|Any CPU
		{306657BA-1986-43B8-87D0-7EFA4F0681EE}.Release|Any CPU.ActiveCfg = Release|Any CPU
		{306657BA-1986-43B8-87D0-7EFA4F0681EE}.Release|Any CPU.Build.0 = Release|Any CPU
		{76BDA407-0BBB-470E-9F52-A380B00E1A55}.Debug|Any CPU.ActiveCfg = Debug|Any CPU
		{76BDA407-0BBB-470E-9F52-A380B00E1A55}.Debug|Any CPU.Build.0 = Debug|Any CPU
		{76BDA407-0BBB-470E-9F52-A380B00E1A55}.Release|Any CPU.ActiveCfg = Release|Any CPU
		{76BDA407-0BBB-470E-9F52-A380B00E1A55}.Release|Any CPU.Build.0 = Release|Any CPU
		{F54DD5A1-896D-4EBC-8F7C-27A3421212A0}.Debug|Any CPU.ActiveCfg = Debug|Any CPU
		{F54DD5A1-896D-4EBC-8F7C-27A3421212A0}.Debug|Any CPU.Build.0 = Debug|Any CPU
		{F54DD5A1-896D-4EBC-8F7C-27A3421212A0}.Release|Any CPU.ActiveCfg = Release|Any CPU
		{F54DD5A1-896D-4EBC-8F7C-27A3421212A0}.Release|Any CPU.Build.0 = Release|Any CPU
	EndGlobalSection
	GlobalSection(SolutionProperties) = preSolution
		HideSolutionNode = FALSE
	EndGlobalSection
EndGlobal
